{
  "name": "opengig.org",
  "version": "1.0.0",
  "lockfileVersion": 3,
  "requires": true,
  "packages": {
    "": {
      "name": "opengig.org",
      "version": "1.0.0",
      "license": "GPL-3.0",
      "dependencies": {
        "destam": "^0.3.2",
        "destam-dom": "^0.8.7"
      }
    },
    "node_modules/destam": {
      "version": "0.3.2",
      "resolved": "https://registry.npmjs.org/destam/-/destam-0.3.2.tgz",
      "integrity": "sha512-9SQpNsAJRaKW5DolV7BtOX6iHctYzq8qkwH4pXnS5k0QmTv3NaALUZSBXKRRxPD59O8PW16hPgjTgP6/p5cLGA=="
    },
    "node_modules/destam-dom": {
      "version": "0.8.7",
      "resolved": "https://registry.npmjs.org/destam-dom/-/destam-dom-0.8.7.tgz",
      "integrity": "sha512-dFbGchWNldUESIhjFFdRI//VuWo/LuuoOeG4OticIj1afiaIBX4iaXHvuwP4QbPzMtBbRxzsA01cIsNU7h6mng==",
      "peerDependencies": {
        "destam": ">=0.3.0"
      }
    }
  }
}
